
Microsoft Visual Studio Solution File, Format Version 12.00
# Visual Studio Version 17
VisualStudioVersion = 17.10.35122.118
MinimumVisualStudioVersion = 10.0.40219.1
Project("{FAE04EC0-301F-11D3-BF4B-00C04F79EFBC}") = "ImplicitConver", "ImplicitConver.csproj", "{F853DD93-DE3A-449F-A7E2-0678007E6530}"
EndProject
Global
	GlobalSection(SolutionConfigurationPlatforms) = preSolution
		Debug|Any CPU = Debug|Any CPU
		Release|Any CPU = Release|Any CPU
	EndGlobalSection
	GlobalSection(ProjectConfigurationPlatforms) = postSolution
		{F853DD93-DE3A-449F-A7E2-0678007E6530}.Debug|Any CPU.ActiveCfg = Debug|Any CPU
		{F853DD93-DE3A-449F-A7E2-0678007E6530}.Debug|Any CPU.Build.0 = Debug|Any CPU
		{F853DD93-DE3A-449F-A7E2-0678007E6530}.Release|Any CPU.ActiveCfg = Release|Any CPU
		{F853DD93-DE3A-449F-A7E2-0678007E6530}.Release|Any CPU.Build.0 = Release|Any CPU
	EndGlobalSection
	GlobalSection(SolutionProperties) = preSolution
		HideSolutionNode = FALSE
	EndGlobalSection
	GlobalSection(ExtensibilityGlobals) = postSolution
		SolutionGuid = {06C68F03-0EC3-4898-B838-E211D3BD1C5B}
	EndGlobalSection
EndGlobal
