
Microsoft Visual Studio Solution File, Format Version 12.00
# Visual Studio Version 17
VisualStudioVersion = 17.10.35122.118
MinimumVisualStudioVersion = 10.0.40219.1
Project("{FAE04EC0-301F-11D3-BF4B-00C04F79EFBC}") = "TryParsing", "TryParsing.csproj", "{EBADD0FC-B464-4F9C-8F8B-679B5CF63951}"
EndProject
Global
	GlobalSection(SolutionConfigurationPlatforms) = preSolution
		Debug|Any CPU = Debug|Any CPU
		Release|Any CPU = Release|Any CPU
	EndGlobalSection
	GlobalSection(ProjectConfigurationPlatforms) = postSolution
		{EBADD0FC-B464-4F9C-8F8B-679B5CF63951}.Debug|Any CPU.ActiveCfg = Debug|Any CPU
		{EBADD0FC-B464-4F9C-8F8B-679B5CF63951}.Debug|Any CPU.Build.0 = Debug|Any CPU
		{EBADD0FC-B464-4F9C-8F8B-679B5CF63951}.Release|Any CPU.ActiveCfg = Release|Any CPU
		{EBADD0FC-B464-4F9C-8F8B-679B5CF63951}.Release|Any CPU.Build.0 = Release|Any CPU
	EndGlobalSection
	GlobalSection(SolutionProperties) = preSolution
		HideSolutionNode = FALSE
	EndGlobalSection
	GlobalSection(ExtensibilityGlobals) = postSolution
		SolutionGuid = {901B106A-E06E-4A64-92B4-BA6DEA112242}
	EndGlobalSection
EndGlobal
