
Microsoft Visual Studio Solution File, Format Version 12.00
# Visual Studio Version 17
VisualStudioVersion = 17.10.35122.118
MinimumVisualStudioVersion = 10.0.40219.1
Project("{FAE04EC0-301F-11D3-BF4B-00C04F79EFBC}") = "SimpleArray", "SimpleArray.csproj", "{8C4FB6A7-1AA2-4696-A390-D6A56E1F8703}"
EndProject
Global
	GlobalSection(SolutionConfigurationPlatforms) = preSolution
		Debug|Any CPU = Debug|Any CPU
		Release|Any CPU = Release|Any CPU
	EndGlobalSection
	GlobalSection(ProjectConfigurationPlatforms) = postSolution
		{8C4FB6A7-1AA2-4696-A390-D6A56E1F8703}.Debug|Any CPU.ActiveCfg = Debug|Any CPU
		{8C4FB6A7-1AA2-4696-A390-D6A56E1F8703}.Debug|Any CPU.Build.0 = Debug|Any CPU
		{8C4FB6A7-1AA2-4696-A390-D6A56E1F8703}.Release|Any CPU.ActiveCfg = Release|Any CPU
		{8C4FB6A7-1AA2-4696-A390-D6A56E1F8703}.Release|Any CPU.Build.0 = Release|Any CPU
	EndGlobalSection
	GlobalSection(SolutionProperties) = preSolution
		HideSolutionNode = FALSE
	EndGlobalSection
	GlobalSection(ExtensibilityGlobals) = postSolution
		SolutionGuid = {15BE5C7D-BFCB-4FDC-9DFE-CD293A489F9C}
	EndGlobalSection
EndGlobal
