
Microsoft Visual Studio Solution File, Format Version 12.00
# Visual Studio Version 17
VisualStudioVersion = 17.10.35122.118
MinimumVisualStudioVersion = 10.0.40219.1
Project("{FAE04EC0-301F-11D3-BF4B-00C04F79EFBC}") = "ListProject2", "ListProject2.csproj", "{D2F20B5A-6EB9-4F75-83AC-8C4E24D4F741}"
EndProject
Global
	GlobalSection(SolutionConfigurationPlatforms) = preSolution
		Debug|Any CPU = Debug|Any CPU
		Release|Any CPU = Release|Any CPU
	EndGlobalSection
	GlobalSection(ProjectConfigurationPlatforms) = postSolution
		{D2F20B5A-6EB9-4F75-83AC-8C4E24D4F741}.Debug|Any CPU.ActiveCfg = Debug|Any CPU
		{D2F20B5A-6EB9-4F75-83AC-8C4E24D4F741}.Debug|Any CPU.Build.0 = Debug|Any CPU
		{D2F20B5A-6EB9-4F75-83AC-8C4E24D4F741}.Release|Any CPU.ActiveCfg = Release|Any CPU
		{D2F20B5A-6EB9-4F75-83AC-8C4E24D4F741}.Release|Any CPU.Build.0 = Release|Any CPU
	EndGlobalSection
	GlobalSection(SolutionProperties) = preSolution
		HideSolutionNode = FALSE
	EndGlobalSection
	GlobalSection(ExtensibilityGlobals) = postSolution
		SolutionGuid = {170C8AE9-12C5-4C41-BACE-1C6AC5E2A5A8}
	EndGlobalSection
EndGlobal
