
Microsoft Visual Studio Solution File, Format Version 12.00
# Visual Studio Version 17
VisualStudioVersion = 17.10.35122.118
MinimumVisualStudioVersion = 10.0.40219.1
Project("{FAE04EC0-301F-11D3-BF4B-00C04F79EFBC}") = "RegexPattern", "RegexPattern.csproj", "{8B2C020B-431E-43FD-80E6-74E310DB8056}"
EndProject
Global
	GlobalSection(SolutionConfigurationPlatforms) = preSolution
		Debug|Any CPU = Debug|Any CPU
		Release|Any CPU = Release|Any CPU
	EndGlobalSection
	GlobalSection(ProjectConfigurationPlatforms) = postSolution
		{8B2C020B-431E-43FD-80E6-74E310DB8056}.Debug|Any CPU.ActiveCfg = Debug|Any CPU
		{8B2C020B-431E-43FD-80E6-74E310DB8056}.Debug|Any CPU.Build.0 = Debug|Any CPU
		{8B2C020B-431E-43FD-80E6-74E310DB8056}.Release|Any CPU.ActiveCfg = Release|Any CPU
		{8B2C020B-431E-43FD-80E6-74E310DB8056}.Release|Any CPU.Build.0 = Release|Any CPU
	EndGlobalSection
	GlobalSection(SolutionProperties) = preSolution
		HideSolutionNode = FALSE
	EndGlobalSection
	GlobalSection(ExtensibilityGlobals) = postSolution
		SolutionGuid = {544C7F59-D584-430A-86B5-B299728918E6}
	EndGlobalSection
EndGlobal
