
Microsoft Visual Studio Solution File, Format Version 12.00
# Visual Studio Version 17
VisualStudioVersion = 17.10.35122.118
MinimumVisualStudioVersion = 10.0.40219.1
Project("{FAE04EC0-301F-11D3-BF4B-00C04F79EFBC}") = "DependencyInjectionApp", "DependencyInjectionApp.csproj", "{E529667E-0B80-4A04-9EF6-8E51A9FC5AFB}"
EndProject
Global
	GlobalSection(SolutionConfigurationPlatforms) = preSolution
		Debug|Any CPU = Debug|Any CPU
		Release|Any CPU = Release|Any CPU
	EndGlobalSection
	GlobalSection(ProjectConfigurationPlatforms) = postSolution
		{E529667E-0B80-4A04-9EF6-8E51A9FC5AFB}.Debug|Any CPU.ActiveCfg = Debug|Any CPU
		{E529667E-0B80-4A04-9EF6-8E51A9FC5AFB}.Debug|Any CPU.Build.0 = Debug|Any CPU
		{E529667E-0B80-4A04-9EF6-8E51A9FC5AFB}.Release|Any CPU.ActiveCfg = Release|Any CPU
		{E529667E-0B80-4A04-9EF6-8E51A9FC5AFB}.Release|Any CPU.Build.0 = Release|Any CPU
	EndGlobalSection
	GlobalSection(SolutionProperties) = preSolution
		HideSolutionNode = FALSE
	EndGlobalSection
	GlobalSection(ExtensibilityGlobals) = postSolution
		SolutionGuid = {C0033638-8431-4428-B87D-34ECBF3C4E1F}
	EndGlobalSection
EndGlobal
