
Microsoft Visual Studio Solution File, Format Version 12.00
# Visual Studio Version 17
VisualStudioVersion = 17.13.35828.75 d17.13
MinimumVisualStudioVersion = 10.0.40219.1
Project("{FAE04EC0-301F-11D3-BF4B-00C04F79EFBC}") = "Flight", "Flight.csproj", "{E1687080-DEC5-4624-A468-2F87AED5B974}"
EndProject
Project("{FAE04EC0-301F-11D3-BF4B-00C04F79EFBC}") = "Domain", "Domain\Domain.csproj", "{9B8326D9-7F3B-4CED-916B-B14E87F6412C}"
EndProject
Global
	GlobalSection(SolutionConfigurationPlatforms) = preSolution
		Debug|Any CPU = Debug|Any CPU
		Release|Any CPU = Release|Any CPU
	EndGlobalSection
	GlobalSection(ProjectConfigurationPlatforms) = postSolution
		{E1687080-DEC5-4624-A468-2F87AED5B974}.Debug|Any CPU.ActiveCfg = Debug|Any CPU
		{E1687080-DEC5-4624-A468-2F87AED5B974}.Debug|Any CPU.Build.0 = Debug|Any CPU
		{E1687080-DEC5-4624-A468-2F87AED5B974}.Release|Any CPU.ActiveCfg = Release|Any CPU
		{E1687080-DEC5-4624-A468-2F87AED5B974}.Release|Any CPU.Build.0 = Release|Any CPU
		{9B8326D9-7F3B-4CED-916B-B14E87F6412C}.Debug|Any CPU.ActiveCfg = Debug|Any CPU
		{9B8326D9-7F3B-4CED-916B-B14E87F6412C}.Debug|Any CPU.Build.0 = Debug|Any CPU
		{9B8326D9-7F3B-4CED-916B-B14E87F6412C}.Release|Any CPU.ActiveCfg = Release|Any CPU
		{9B8326D9-7F3B-4CED-916B-B14E87F6412C}.Release|Any CPU.Build.0 = Release|Any CPU
	EndGlobalSection
	GlobalSection(SolutionProperties) = preSolution
		HideSolutionNode = FALSE
	EndGlobalSection
	GlobalSection(ExtensibilityGlobals) = postSolution
		SolutionGuid = {107B71AF-DB3A-4996-A039-713380E216D3}
	EndGlobalSection
EndGlobal
