
Microsoft Visual Studio Solution File, Format Version 12.00
# Visual Studio Version 17
VisualStudioVersion = 17.13.35828.75 d17.13
MinimumVisualStudioVersion = 10.0.40219.1
Project("{FAE04EC0-301F-11D3-BF4B-00C04F79EFBC}") = "Test", "Test.csproj", "{9F2589B1-9C5C-46C5-A0A3-FC5913D36046}"
EndProject
Project("{FAE04EC0-301F-11D3-BF4B-00C04F79EFBC}") = "Domain", "..\Domain\Domain.csproj", "{24F3B588-F1AA-4B7C-AC71-E20D1DF7693E}"
EndProject
Project("{FAE04EC0-301F-11D3-BF4B-00C04F79EFBC}") = "Web", "..\Web\Web.csproj", "{0F9D9795-1FB9-4FDA-8F93-93816EA559E9}"
EndProject
Global
	GlobalSection(SolutionConfigurationPlatforms) = preSolution
		Debug|Any CPU = Debug|Any CPU
		Release|Any CPU = Release|Any CPU
	EndGlobalSection
	GlobalSection(ProjectConfigurationPlatforms) = postSolution
		{9F2589B1-9C5C-46C5-A0A3-FC5913D36046}.Debug|Any CPU.ActiveCfg = Debug|Any CPU
		{9F2589B1-9C5C-46C5-A0A3-FC5913D36046}.Debug|Any CPU.Build.0 = Debug|Any CPU
		{9F2589B1-9C5C-46C5-A0A3-FC5913D36046}.Release|Any CPU.ActiveCfg = Release|Any CPU
		{9F2589B1-9C5C-46C5-A0A3-FC5913D36046}.Release|Any CPU.Build.0 = Release|Any CPU
		{24F3B588-F1AA-4B7C-AC71-E20D1DF7693E}.Debug|Any CPU.ActiveCfg = Debug|Any CPU
		{24F3B588-F1AA-4B7C-AC71-E20D1DF7693E}.Debug|Any CPU.Build.0 = Debug|Any CPU
		{24F3B588-F1AA-4B7C-AC71-E20D1DF7693E}.Release|Any CPU.ActiveCfg = Release|Any CPU
		{24F3B588-F1AA-4B7C-AC71-E20D1DF7693E}.Release|Any CPU.Build.0 = Release|Any CPU
		{0F9D9795-1FB9-4FDA-8F93-93816EA559E9}.Debug|Any CPU.ActiveCfg = Debug|Any CPU
		{0F9D9795-1FB9-4FDA-8F93-93816EA559E9}.Debug|Any CPU.Build.0 = Debug|Any CPU
		{0F9D9795-1FB9-4FDA-8F93-93816EA559E9}.Release|Any CPU.ActiveCfg = Release|Any CPU
		{0F9D9795-1FB9-4FDA-8F93-93816EA559E9}.Release|Any CPU.Build.0 = Release|Any CPU
	EndGlobalSection
	GlobalSection(SolutionProperties) = preSolution
		HideSolutionNode = FALSE
	EndGlobalSection
	GlobalSection(ExtensibilityGlobals) = postSolution
		SolutionGuid = {5F3F4583-0C5C-475B-B1C3-A4F695159214}
	EndGlobalSection
EndGlobal
