
Microsoft Visual Studio Solution File, Format Version 12.00
# Visual Studio Version 17
VisualStudioVersion = 17.10.35122.118
MinimumVisualStudioVersion = 10.0.40219.1
Project("{FAE04EC0-301F-11D3-BF4B-00C04F79EFBC}") = "OperatorOverloading", "OperatorOverloading.csproj", "{343D6289-921D-41A7-82E7-DAE9533DFE5E}"
EndProject
Global
	GlobalSection(SolutionConfigurationPlatforms) = preSolution
		Debug|Any CPU = Debug|Any CPU
		Release|Any CPU = Release|Any CPU
	EndGlobalSection
	GlobalSection(ProjectConfigurationPlatforms) = postSolution
		{343D6289-921D-41A7-82E7-DAE9533DFE5E}.Debug|Any CPU.ActiveCfg = Debug|Any CPU
		{343D6289-921D-41A7-82E7-DAE9533DFE5E}.Debug|Any CPU.Build.0 = Debug|Any CPU
		{343D6289-921D-41A7-82E7-DAE9533DFE5E}.Release|Any CPU.ActiveCfg = Release|Any CPU
		{343D6289-921D-41A7-82E7-DAE9533DFE5E}.Release|Any CPU.Build.0 = Release|Any CPU
	EndGlobalSection
	GlobalSection(SolutionProperties) = preSolution
		HideSolutionNode = FALSE
	EndGlobalSection
	GlobalSection(ExtensibilityGlobals) = postSolution
		SolutionGuid = {93184A1E-D4DE-4233-8CD9-0503539D94DC}
	EndGlobalSection
EndGlobal
