
Microsoft Visual Studio Solution File, Format Version 12.00
# Visual Studio Version 17
VisualStudioVersion = 17.10.35122.118
MinimumVisualStudioVersion = 10.0.40219.1
Project("{FAE04EC0-301F-11D3-BF4B-00C04F79EFBC}") = "DelegatesDemo", "DelegatesDemo.csproj", "{BC20ACE6-0207-4260-9AD1-297FC6572803}"
EndProject
Global
	GlobalSection(SolutionConfigurationPlatforms) = preSolution
		Debug|Any CPU = Debug|Any CPU
		Release|Any CPU = Release|Any CPU
	EndGlobalSection
	GlobalSection(ProjectConfigurationPlatforms) = postSolution
		{BC20ACE6-0207-4260-9AD1-297FC6572803}.Debug|Any CPU.ActiveCfg = Debug|Any CPU
		{BC20ACE6-0207-4260-9AD1-297FC6572803}.Debug|Any CPU.Build.0 = Debug|Any CPU
		{BC20ACE6-0207-4260-9AD1-297FC6572803}.Release|Any CPU.ActiveCfg = Release|Any CPU
		{BC20ACE6-0207-4260-9AD1-297FC6572803}.Release|Any CPU.Build.0 = Release|Any CPU
	EndGlobalSection
	GlobalSection(SolutionProperties) = preSolution
		HideSolutionNode = FALSE
	EndGlobalSection
	GlobalSection(ExtensibilityGlobals) = postSolution
		SolutionGuid = {238A086C-8410-48B5-A20F-F1326C644C64}
	EndGlobalSection
EndGlobal
