
Microsoft Visual Studio Solution File, Format Version 12.00
# Visual Studio Version 17
VisualStudioVersion = 17.10.35122.118
MinimumVisualStudioVersion = 10.0.40219.1
Project("{FAE04EC0-301F-11D3-BF4B-00C04F79EFBC}") = "Inheritance", "Inheritance.csproj", "{6423C9B6-1525-47EB-AC15-68A4F03BA761}"
EndProject
Global
	GlobalSection(SolutionConfigurationPlatforms) = preSolution
		Debug|Any CPU = Debug|Any CPU
		Release|Any CPU = Release|Any CPU
	EndGlobalSection
	GlobalSection(ProjectConfigurationPlatforms) = postSolution
		{6423C9B6-1525-47EB-AC15-68A4F03BA761}.Debug|Any CPU.ActiveCfg = Debug|Any CPU
		{6423C9B6-1525-47EB-AC15-68A4F03BA761}.Debug|Any CPU.Build.0 = Debug|Any CPU
		{6423C9B6-1525-47EB-AC15-68A4F03BA761}.Release|Any CPU.ActiveCfg = Release|Any CPU
		{6423C9B6-1525-47EB-AC15-68A4F03BA761}.Release|Any CPU.Build.0 = Release|Any CPU
	EndGlobalSection
	GlobalSection(SolutionProperties) = preSolution
		HideSolutionNode = FALSE
	EndGlobalSection
	GlobalSection(ExtensibilityGlobals) = postSolution
		SolutionGuid = {8B497161-5BFD-4B00-9E0D-6C0B625C9852}
	EndGlobalSection
EndGlobal
