
Microsoft Visual Studio Solution File, Format Version 12.00
# Visual Studio Version 17
VisualStudioVersion = 17.10.35122.118
MinimumVisualStudioVersion = 10.0.40219.1
Project("{FAE04EC0-301F-11D3-BF4B-00C04F79EFBC}") = "DateTimeDemo", "DateTimeDemo.csproj", "{FBB0826C-79A2-4EAB-97FA-6C752D7CF90F}"
EndProject
Global
	GlobalSection(SolutionConfigurationPlatforms) = preSolution
		Debug|Any CPU = Debug|Any CPU
		Release|Any CPU = Release|Any CPU
	EndGlobalSection
	GlobalSection(ProjectConfigurationPlatforms) = postSolution
		{FBB0826C-79A2-4EAB-97FA-6C752D7CF90F}.Debug|Any CPU.ActiveCfg = Debug|Any CPU
		{FBB0826C-79A2-4EAB-97FA-6C752D7CF90F}.Debug|Any CPU.Build.0 = Debug|Any CPU
		{FBB0826C-79A2-4EAB-97FA-6C752D7CF90F}.Release|Any CPU.ActiveCfg = Release|Any CPU
		{FBB0826C-79A2-4EAB-97FA-6C752D7CF90F}.Release|Any CPU.Build.0 = Release|Any CPU
	EndGlobalSection
	GlobalSection(SolutionProperties) = preSolution
		HideSolutionNode = FALSE
	EndGlobalSection
	GlobalSection(ExtensibilityGlobals) = postSolution
		SolutionGuid = {7BFFF75F-2DC9-4D44-B40A-A274C74678E5}
	EndGlobalSection
EndGlobal
